
Microsoft Visual Studio Solution File, Format Version 12.00
# Visual Studio Version 17
VisualStudioVersion = 17.13.35931.197 d17.13
MinimumVisualStudioVersion = 10.0.40219.1
Project("{FAE04EC0-301F-11D3-BF4B-00C04F79EFBC}") = "ViPKS_PR10_FirstTry", "ViPKS_PR10_FirstTry.csproj", "{5799A5FD-17E6-4CE7-9FC7-1A2BBC3BBB1F}"
EndProject
Global
	GlobalSection(SolutionConfigurationPlatforms) = preSolution
		Debug|Any CPU = Debug|Any CPU
		Release|Any CPU = Release|Any CPU
	EndGlobalSection
	GlobalSection(ProjectConfigurationPlatforms) = postSolution
		{5799A5FD-17E6-4CE7-9FC7-1A2BBC3BBB1F}.Debug|Any CPU.ActiveCfg = Debug|Any CPU
		{5799A5FD-17E6-4CE7-9FC7-1A2BBC3BBB1F}.Debug|Any CPU.Build.0 = Debug|Any CPU
		{5799A5FD-17E6-4CE7-9FC7-1A2BBC3BBB1F}.Release|Any CPU.ActiveCfg = Release|Any CPU
		{5799A5FD-17E6-4CE7-9FC7-1A2BBC3BBB1F}.Release|Any CPU.Build.0 = Release|Any CPU
	EndGlobalSection
	GlobalSection(SolutionProperties) = preSolution
		HideSolutionNode = FALSE
	EndGlobalSection
	GlobalSection(ExtensibilityGlobals) = postSolution
		SolutionGuid = {438A5067-50D0-465D-BD0F-91AD21AD29FE}
	EndGlobalSection
EndGlobal
